
Microsoft Visual Studio Solution File, Format Version 12.00
Project("{2150E333-8FDC-42A3-9474-1A3956D46DE8}") = "C#", "C#", "{2798D5F0-B521-47DA-BDA1-899666FBF1E3}"
EndProject
Project("{2150E333-8FDC-42A3-9474-1A3956D46DE8}") = "WebClient", "WebClient", "{D7CE0F9A-29B0-4F4A-9363-064A310D6239}"
EndProject
Project("{2150E333-8FDC-42A3-9474-1A3956D46DE8}") = "Server", "Server", "{F2FB94C6-3D35-442A-8F0C-CE8BD3A3E8FA}"
EndProject
Project("{FAE04EC0-301F-11D3-BF4B-00C04F79EFBC}") = "BlazerWASM", "BlazerWASM\BlazerWASM.csproj", "{CC6F1472-F843-4874-9AB3-D3383B2BB488}"
EndProject
Project("{FAE04EC0-301F-11D3-BF4B-00C04F79EFBC}") = "GRPC", "GRPC\GRPC.csproj", "{416713F1-B235-4C92-BF41-07A04EF5C43E}"
EndProject
Project("{FAE04EC0-301F-11D3-BF4B-00C04F79EFBC}") = "WebAPI", "WebAPI\WebAPI.csproj", "{B6022F30-116B-4417-B74A-A190BE5A91BF}"
EndProject
Project("{FAE04EC0-301F-11D3-BF4B-00C04F79EFBC}") = "Logic", "Logic\Logic.csproj", "{8F393298-FBB8-498E-8029-D3208CA29F05}"
EndProject
Project("{FAE04EC0-301F-11D3-BF4B-00C04F79EFBC}") = "Shared", "Shared\Shared.csproj", "{921BF06A-D7E9-4DD7-95B4-318FE37C3D08}"
EndProject
Global
	GlobalSection(SolutionConfigurationPlatforms) = preSolution
		Debug|Any CPU = Debug|Any CPU
		Release|Any CPU = Release|Any CPU
	EndGlobalSection
	GlobalSection(NestedProjects) = preSolution
		{D7CE0F9A-29B0-4F4A-9363-064A310D6239} = {2798D5F0-B521-47DA-BDA1-899666FBF1E3}
		{F2FB94C6-3D35-442A-8F0C-CE8BD3A3E8FA} = {2798D5F0-B521-47DA-BDA1-899666FBF1E3}
		{CC6F1472-F843-4874-9AB3-D3383B2BB488} = {D7CE0F9A-29B0-4F4A-9363-064A310D6239}
		{416713F1-B235-4C92-BF41-07A04EF5C43E} = {F2FB94C6-3D35-442A-8F0C-CE8BD3A3E8FA}
		{B6022F30-116B-4417-B74A-A190BE5A91BF} = {F2FB94C6-3D35-442A-8F0C-CE8BD3A3E8FA}
		{8F393298-FBB8-498E-8029-D3208CA29F05} = {F2FB94C6-3D35-442A-8F0C-CE8BD3A3E8FA}
		{921BF06A-D7E9-4DD7-95B4-318FE37C3D08} = {2798D5F0-B521-47DA-BDA1-899666FBF1E3}
	EndGlobalSection
	GlobalSection(ProjectConfigurationPlatforms) = postSolution
		{CC6F1472-F843-4874-9AB3-D3383B2BB488}.Debug|Any CPU.ActiveCfg = Debug|Any CPU
		{CC6F1472-F843-4874-9AB3-D3383B2BB488}.Debug|Any CPU.Build.0 = Debug|Any CPU
		{CC6F1472-F843-4874-9AB3-D3383B2BB488}.Release|Any CPU.ActiveCfg = Release|Any CPU
		{CC6F1472-F843-4874-9AB3-D3383B2BB488}.Release|Any CPU.Build.0 = Release|Any CPU
		{416713F1-B235-4C92-BF41-07A04EF5C43E}.Debug|Any CPU.ActiveCfg = Debug|Any CPU
		{416713F1-B235-4C92-BF41-07A04EF5C43E}.Debug|Any CPU.Build.0 = Debug|Any CPU
		{416713F1-B235-4C92-BF41-07A04EF5C43E}.Release|Any CPU.ActiveCfg = Release|Any CPU
		{416713F1-B235-4C92-BF41-07A04EF5C43E}.Release|Any CPU.Build.0 = Release|Any CPU
		{B6022F30-116B-4417-B74A-A190BE5A91BF}.Debug|Any CPU.ActiveCfg = Debug|Any CPU
		{B6022F30-116B-4417-B74A-A190BE5A91BF}.Debug|Any CPU.Build.0 = Debug|Any CPU
		{B6022F30-116B-4417-B74A-A190BE5A91BF}.Release|Any CPU.ActiveCfg = Release|Any CPU
		{B6022F30-116B-4417-B74A-A190BE5A91BF}.Release|Any CPU.Build.0 = Release|Any CPU
		{8F393298-FBB8-498E-8029-D3208CA29F05}.Debug|Any CPU.ActiveCfg = Debug|Any CPU
		{8F393298-FBB8-498E-8029-D3208CA29F05}.Debug|Any CPU.Build.0 = Debug|Any CPU
		{8F393298-FBB8-498E-8029-D3208CA29F05}.Release|Any CPU.ActiveCfg = Release|Any CPU
		{8F393298-FBB8-498E-8029-D3208CA29F05}.Release|Any CPU.Build.0 = Release|Any CPU
		{921BF06A-D7E9-4DD7-95B4-318FE37C3D08}.Debug|Any CPU.ActiveCfg = Debug|Any CPU
		{921BF06A-D7E9-4DD7-95B4-318FE37C3D08}.Debug|Any CPU.Build.0 = Debug|Any CPU
		{921BF06A-D7E9-4DD7-95B4-318FE37C3D08}.Release|Any CPU.ActiveCfg = Release|Any CPU
		{921BF06A-D7E9-4DD7-95B4-318FE37C3D08}.Release|Any CPU.Build.0 = Release|Any CPU
	EndGlobalSection
EndGlobal
