
Microsoft Visual Studio Solution File, Format Version 12.00
Project("{FAE04EC0-301F-11D3-BF4B-00C04F79EFBC}") = "GRPCClient", "GRPCClient.csproj", "{3C03328F-E1A8-4D0A-823B-E8B1548D3058}"
EndProject
Global
	GlobalSection(SolutionConfigurationPlatforms) = preSolution
		Debug|Any CPU = Debug|Any CPU
		Release|Any CPU = Release|Any CPU
	EndGlobalSection
	GlobalSection(ProjectConfigurationPlatforms) = postSolution
		{3C03328F-E1A8-4D0A-823B-E8B1548D3058}.Debug|Any CPU.ActiveCfg = Debug|Any CPU
		{3C03328F-E1A8-4D0A-823B-E8B1548D3058}.Debug|Any CPU.Build.0 = Debug|Any CPU
		{3C03328F-E1A8-4D0A-823B-E8B1548D3058}.Release|Any CPU.ActiveCfg = Release|Any CPU
		{3C03328F-E1A8-4D0A-823B-E8B1548D3058}.Release|Any CPU.Build.0 = Release|Any CPU
	EndGlobalSection
EndGlobal
